PODS:
  - google-cast-sdk (2.7.1):
    - google-cast-sdk/Assets (= 2.7.1)
    - google-cast-sdk/Core (= 2.7.1)
  - google-cast-sdk/Assets (2.7.1):
    - google-cast-sdk/Core
  - google-cast-sdk/Core (2.7.1)

DEPENDENCIES:
  - google-cast-sdk

SPEC CHECKSUMS:
  google-cast-sdk: 9c98a8fbe8277277ab01a3318ee965c9aef3d4c9

COCOAPODS: 0.38.2
